
Microsoft Visual Studio Solution File, Format Version 12.00
# Visual Studio Version 17
VisualStudioVersion = 17.3.32929.385
MinimumVisualStudioVersion = 10.0.40219.1
Project("{FAE04EC0-301F-11D3-BF4B-00C04F79EFBC}") = "04. Toy Shop", "04. Toy Shop\04. Toy Shop.csproj", "{022E9BFF-45C2-4B4A-A0EE-4E6178B6729E}"
EndProject
Global
	GlobalSection(SolutionConfigurationPlatforms) = preSolution
		Debug|Any CPU = Debug|Any CPU
		Release|Any CPU = Release|Any CPU
	EndGlobalSection
	GlobalSection(ProjectConfigurationPlatforms) = postSolution
		{022E9BFF-45C2-4B4A-A0EE-4E6178B6729E}.Debug|Any CPU.ActiveCfg = Debug|Any CPU
		{022E9BFF-45C2-4B4A-A0EE-4E6178B6729E}.Debug|Any CPU.Build.0 = Debug|Any CPU
		{022E9BFF-45C2-4B4A-A0EE-4E6178B6729E}.Release|Any CPU.ActiveCfg = Release|Any CPU
		{022E9BFF-45C2-4B4A-A0EE-4E6178B6729E}.Release|Any CPU.Build.0 = Release|Any CPU
	EndGlobalSection
	GlobalSection(SolutionProperties) = preSolution
		HideSolutionNode = FALSE
	EndGlobalSection
	GlobalSection(ExtensibilityGlobals) = postSolution
		SolutionGuid = {2420B9B6-40DE-45D6-9AB1-642FF2DC103A}
	EndGlobalSection
EndGlobal
